
Microsoft Visual Studio Solution File, Format Version 12.00
# Visual Studio Version 17
VisualStudioVersion = 17.9.34728.123
MinimumVisualStudioVersion = 10.0.40219.1
Project("{FAE04EC0-301F-11D3-BF4B-00C04F79EFBC}") = "DesafioDio_POO", "DesafioDio_POO\DesafioDio_POO.csproj", "{F199A12A-4FC7-4902-92C7-4AE272A6BA26}"
EndProject
Global
	GlobalSection(SolutionConfigurationPlatforms) = preSolution
		Debug|Any CPU = Debug|Any CPU
		Release|Any CPU = Release|Any CPU
	EndGlobalSection
	GlobalSection(ProjectConfigurationPlatforms) = postSolution
		{F199A12A-4FC7-4902-92C7-4AE272A6BA26}.Debug|Any CPU.ActiveCfg = Debug|Any CPU
		{F199A12A-4FC7-4902-92C7-4AE272A6BA26}.Debug|Any CPU.Build.0 = Debug|Any CPU
		{F199A12A-4FC7-4902-92C7-4AE272A6BA26}.Release|Any CPU.ActiveCfg = Release|Any CPU
		{F199A12A-4FC7-4902-92C7-4AE272A6BA26}.Release|Any CPU.Build.0 = Release|Any CPU
	EndGlobalSection
	GlobalSection(SolutionProperties) = preSolution
		HideSolutionNode = FALSE
	EndGlobalSection
	GlobalSection(ExtensibilityGlobals) = postSolution
		SolutionGuid = {AB68C60E-584C-4BF4-801F-465E9B59FEFB}
	EndGlobalSection
EndGlobal
